// !$*UTF8*$!
{
	archiveVersion = 1;
	classes = {
	};
	objectVersion = 56;
	objects = {

/* Begin PBXBuildFile section */
		2473C5642B76762800A786BE /* RMCharacterCollectionViewCell.swift in Sources */ = {isa = PBXBuildFile; fileRef = 2473C5632B76762800A786BE /* RMCharacterCollectionViewCell.swift */; };
		2473C5662B76792600A786BE /* RMCharacterCollectionCellViewModel.swift in Sources */ = {isa = PBXBuildFile; fileRef = 2473C5652B76792600A786BE /* RMCharacterCollectionCellViewModel.swift */; };
		2473C5692B76AB8700A786BE /* RMCharacterDetailViewController.swift in Sources */ = {isa = PBXBuildFile; fileRef = 2473C5682B76AB8700A786BE /* RMCharacterDetailViewController.swift */; };
		2473C56B2B76AC0000A786BE /* RMCharacterDetailView.swift in Sources */ = {isa = PBXBuildFile; fileRef = 2473C56A2B76AC0000A786BE /* RMCharacterDetailView.swift */; };
		2473C56D2B76AC2E00A786BE /* RMCharacterDetailViewViewModel.swift in Sources */ = {isa = PBXBuildFile; fileRef = 2473C56C2B76AC2E00A786BE /* RMCharacterDetailViewViewModel.swift */; };
		2473C5712B76B32F00A786BE /* RMFooterLoadingCollectionReusableView.swift in Sources */ = {isa = PBXBuildFile; fileRef = 2473C5702B76B32F00A786BE /* RMFooterLoadingCollectionReusableView.swift */; };
		248048BA2B72BEB500896BC2 /* AppDelegate.swift in Sources */ = {isa = PBXBuildFile; fileRef = 248048B92B72BEB500896BC2 /* AppDelegate.swift */; };
		248048BC2B72BEB500896BC2 /* SceneDelegate.swift in Sources */ = {isa = PBXBuildFile; fileRef = 248048BB2B72BEB500896BC2 /* SceneDelegate.swift */; };
		248048C32B72BEB700896BC2 /* Assets.xcassets in Resources */ = {isa = PBXBuildFile; fileRef = 248048C22B72BEB700896BC2 /* Assets.xcassets */; };
		248048C62B72BEB700896BC2 /* LaunchScreen.storyboard in Resources */ = {isa = PBXBuildFile; fileRef = 248048C42B72BEB700896BC2 /* LaunchScreen.storyboard */; };
		24DA0F242B72BF8800D5CE3C /* RMSettingsViewController.swift in Sources */ = {isa = PBXBuildFile; fileRef = 24DA0F1F2B72BF8800D5CE3C /* RMSettingsViewController.swift */; };
		24DA0F252B72BF8800D5CE3C /* RMCharacterViewController.swift in Sources */ = {isa = PBXBuildFile; fileRef = 24DA0F202B72BF8800D5CE3C /* RMCharacterViewController.swift */; };
		24DA0F262B72BF8800D5CE3C /* RMEpisodeViewController.swift in Sources */ = {isa = PBXBuildFile; fileRef = 24DA0F212B72BF8800D5CE3C /* RMEpisodeViewController.swift */; };
		24DA0F272B72BF8800D5CE3C /* RMTabViewController.swift in Sources */ = {isa = PBXBuildFile; fileRef = 24DA0F222B72BF8800D5CE3C /* RMTabViewController.swift */; };
		24DA0F282B72BF8800D5CE3C /* RMLocationViewController.swift in Sources */ = {isa = PBXBuildFile; fileRef = 24DA0F232B72BF8800D5CE3C /* RMLocationViewController.swift */; };
		24DA0F2C2B72C02D00D5CE3C /* RMCharacter.swift in Sources */ = {isa = PBXBuildFile; fileRef = 24DA0F292B72C02C00D5CE3C /* RMCharacter.swift */; };
		24DA0F2D2B72C02D00D5CE3C /* RMLocation.swift in Sources */ = {isa = PBXBuildFile; fileRef = 24DA0F2A2B72C02C00D5CE3C /* RMLocation.swift */; };
		24DA0F2E2B72C02D00D5CE3C /* RMEpisode.swift in Sources */ = {isa = PBXBuildFile; fileRef = 24DA0F2B2B72C02D00D5CE3C /* RMEpisode.swift */; };
		24DA0F302B72D77C00D5CE3C /* RMService.swift in Sources */ = {isa = PBXBuildFile; fileRef = 24DA0F2F2B72D77C00D5CE3C /* RMService.swift */; };
		24DA0F322B72D78400D5CE3C /* RMRequest.swift in Sources */ = {isa = PBXBuildFile; fileRef = 24DA0F312B72D78400D5CE3C /* RMRequest.swift */; };
		24DA0F342B72D82000D5CE3C /* RMEndpoint.swift in Sources */ = {isa = PBXBuildFile; fileRef = 24DA0F332B72D82000D5CE3C /* RMEndpoint.swift */; };
		24DA0F362B73AE6000D5CE3C /* RMCharacterOrigin.swift in Sources */ = {isa = PBXBuildFile; fileRef = 24DA0F352B73AE6000D5CE3C /* RMCharacterOrigin.swift */; };
		24DA0F382B73AEB900D5CE3C /* RMSingleLocation.swift in Sources */ = {isa = PBXBuildFile; fileRef = 24DA0F372B73AEB900D5CE3C /* RMSingleLocation.swift */; };
		24DA0F3C2B73AFD900D5CE3C /* RMCharacterStatus.swift in Sources */ = {isa = PBXBuildFile; fileRef = 24DA0F3B2B73AFD900D5CE3C /* RMCharacterStatus.swift */; };
		24DA0F3E2B73AFF900D5CE3C /* RMCharacterGender.swift in Sources */ = {isa = PBXBuildFile; fileRef = 24DA0F3D2B73AFF900D5CE3C /* RMCharacterGender.swift */; };
		24DA0F402B73C5BA00D5CE3C /* RMServiceError.swift in Sources */ = {isa = PBXBuildFile; fileRef = 24DA0F3F2B73C5BA00D5CE3C /* RMServiceError.swift */; };
		24DA0F442B73C91800D5CE3C /* RMGetAllCharactersResponse.swift in Sources */ = {isa = PBXBuildFile; fileRef = 24DA0F432B73C91800D5CE3C /* RMGetAllCharactersResponse.swift */; };
		24DA0F462B73CBAD00D5CE3C /* RMCharacterListViewViewModel.swift in Sources */ = {isa = PBXBuildFile; fileRef = 24DA0F452B73CBAD00D5CE3C /* RMCharacterListViewViewModel.swift */; };
		24DA0F482B73CC0700D5CE3C /* RMCharacterListView.swift in Sources */ = {isa = PBXBuildFile; fileRef = 24DA0F472B73CC0700D5CE3C /* RMCharacterListView.swift */; };
		24DA0F4A2B73D40C00D5CE3C /* Extensions.swift in Sources */ = {isa = PBXBuildFile; fileRef = 24DA0F492B73D40C00D5CE3C /* Extensions.swift */; };
/* End PBXBuildFile section */

/* Begin PBXFileReference section */
		2473C5632B76762800A786BE /* RMCharacterCollectionViewCell.swift */ = {isa = PBXFileReference; lastKnownFileType = sourcecode.swift; path = RMCharacterCollectionViewCell.swift; sourceTree = "<group>"; };
		2473C5652B76792600A786BE /* RMCharacterCollectionCellViewModel.swift */ = {isa = PBXFileReference; lastKnownFileType = sourcecode.swift; path = RMCharacterCollectionCellViewModel.swift; sourceTree = "<group>"; };
		2473C5682B76AB8700A786BE /* RMCharacterDetailViewController.swift */ = {isa = PBXFileReference; lastKnownFileType = sourcecode.swift; path = RMCharacterDetailViewController.swift; sourceTree = "<group>"; };
		2473C56A2B76AC0000A786BE /* RMCharacterDetailView.swift */ = {isa = PBXFileReference; lastKnownFileType = sourcecode.swift; path = RMCharacterDetailView.swift; sourceTree = "<group>"; };
		2473C56C2B76AC2E00A786BE /* RMCharacterDetailViewViewModel.swift */ = {isa = PBXFileReference; lastKnownFileType = sourcecode.swift; path = RMCharacterDetailViewViewModel.swift; sourceTree = "<group>"; };
		2473C5702B76B32F00A786BE /* RMFooterLoadingCollectionReusableView.swift */ = {isa = PBXFileReference; lastKnownFileType = sourcecode.swift; path = RMFooterLoadingCollectionReusableView.swift; sourceTree = "<group>"; };
		248048B62B72BEB500896BC2 /* RickAndMorty.app */ = {isa = PBXFileReference; explicitFileType = wrapper.application; includeInIndex = 0; path = RickAndMorty.app; sourceTree = BUILT_PRODUCTS_DIR; };
		248048B92B72BEB500896BC2 /* AppDelegate.swift */ = {isa = PBXFileReference; lastKnownFileType = sourcecode.swift; path = AppDelegate.swift; sourceTree = "<group>"; };
		248048BB2B72BEB500896BC2 /* SceneDelegate.swift */ = {isa = PBXFileReference; lastKnownFileType = sourcecode.swift; path = SceneDelegate.swift; sourceTree = "<group>"; };
		248048C22B72BEB700896BC2 /* Assets.xcassets */ = {isa = PBXFileReference; lastKnownFileType = folder.assetcatalog; path = Assets.xcassets; sourceTree = "<group>"; };
		248048C52B72BEB700896BC2 /* Base */ = {isa = PBXFileReference; lastKnownFileType = file.storyboard; name = Base; path = Base.lproj/LaunchScreen.storyboard; sourceTree = "<group>"; };
		248048C72B72BEB700896BC2 /* Info.plist */ = {isa = PBXFileReference; lastKnownFileType = text.plist.xml; path = Info.plist; sourceTree = "<group>"; };
		24DA0F1F2B72BF8800D5CE3C /* RMSettingsViewController.swift */ = {isa = PBXFileReference; fileEncoding = 4; lastKnownFileType = sourcecode.swift; path = RMSettingsViewController.swift; sourceTree = "<group>"; };
		24DA0F202B72BF8800D5CE3C /* RMCharacterViewController.swift */ = {isa = PBXFileReference; fileEncoding = 4; lastKnownFileType = sourcecode.swift; path = RMCharacterViewController.swift; sourceTree = "<group>"; };
		24DA0F212B72BF8800D5CE3C /* RMEpisodeViewController.swift */ = {isa = PBXFileReference; fileEncoding = 4; lastKnownFileType = sourcecode.swift; path = RMEpisodeViewController.swift; sourceTree = "<group>"; };
		24DA0F222B72BF8800D5CE3C /* RMTabViewController.swift */ = {isa = PBXFileReference; fileEncoding = 4; lastKnownFileType = sourcecode.swift; path = RMTabViewController.swift; sourceTree = "<group>"; };
		24DA0F232B72BF8800D5CE3C /* RMLocationViewController.swift */ = {isa = PBXFileReference; fileEncoding = 4; lastKnownFileType = sourcecode.swift; path = RMLocationViewController.swift; sourceTree = "<group>"; };
		24DA0F292B72C02C00D5CE3C /* RMCharacter.swift */ = {isa = PBXFileReference; fileEncoding = 4; lastKnownFileType = sourcecode.swift; path = RMCharacter.swift; sourceTree = "<group>"; };
		24DA0F2A2B72C02C00D5CE3C /* RMLocation.swift */ = {isa = PBXFileReference; fileEncoding = 4; lastKnownFileType = sourcecode.swift; path = RMLocation.swift; sourceTree = "<group>"; };
		24DA0F2B2B72C02D00D5CE3C /* RMEpisode.swift */ = {isa = PBXFileReference; fileEncoding = 4; lastKnownFileType = sourcecode.swift; path = RMEpisode.swift; sourceTree = "<group>"; };
		24DA0F2F2B72D77C00D5CE3C /* RMService.swift */ = {isa = PBXFileReference; lastKnownFileType = sourcecode.swift; path = RMService.swift; sourceTree = "<group>"; };
		24DA0F312B72D78400D5CE3C /* RMRequest.swift */ = {isa = PBXFileReference; lastKnownFileType = sourcecode.swift; path = RMRequest.swift; sourceTree = "<group>"; };
		24DA0F332B72D82000D5CE3C /* RMEndpoint.swift */ = {isa = PBXFileReference; lastKnownFileType = sourcecode.swift; path = RMEndpoint.swift; sourceTree = "<group>"; };
		24DA0F352B73AE6000D5CE3C /* RMCharacterOrigin.swift */ = {isa = PBXFileReference; lastKnownFileType = sourcecode.swift; path = RMCharacterOrigin.swift; sourceTree = "<group>"; };
		24DA0F372B73AEB900D5CE3C /* RMSingleLocation.swift */ = {isa = PBXFileReference; lastKnownFileType = sourcecode.swift; path = RMSingleLocation.swift; sourceTree = "<group>"; };
		24DA0F3B2B73AFD900D5CE3C /* RMCharacterStatus.swift */ = {isa = PBXFileReference; lastKnownFileType = sourcecode.swift; path = RMCharacterStatus.swift; sourceTree = "<group>"; };
		24DA0F3D2B73AFF900D5CE3C /* RMCharacterGender.swift */ = {isa = PBXFileReference; lastKnownFileType = sourcecode.swift; path = RMCharacterGender.swift; sourceTree = "<group>"; };
		24DA0F3F2B73C5BA00D5CE3C /* RMServiceError.swift */ = {isa = PBXFileReference; lastKnownFileType = sourcecode.swift; path = RMServiceError.swift; sourceTree = "<group>"; };
		24DA0F432B73C91800D5CE3C /* RMGetAllCharactersResponse.swift */ = {isa = PBXFileReference; lastKnownFileType = sourcecode.swift; path = RMGetAllCharactersResponse.swift; sourceTree = "<group>"; };
		24DA0F452B73CBAD00D5CE3C /* RMCharacterListViewViewModel.swift */ = {isa = PBXFileReference; lastKnownFileType = sourcecode.swift; path = RMCharacterListViewViewModel.swift; sourceTree = "<group>"; };
		24DA0F472B73CC0700D5CE3C /* RMCharacterListView.swift */ = {isa = PBXFileReference; lastKnownFileType = sourcecode.swift; path = RMCharacterListView.swift; sourceTree = "<group>"; };
		24DA0F492B73D40C00D5CE3C /* Extensions.swift */ = {isa = PBXFileReference; lastKnownFileType = sourcecode.swift; path = Extensions.swift; sourceTree = "<group>"; };
/* End PBXFileReference section */

/* Begin PBXFrameworksBuildPhase section */
		248048B32B72BEB500896BC2 /* Frameworks */ = {
			isa = PBXFrameworksBuildPhase;
			buildActionMask = 2147483647;
			files = (
			);
			runOnlyForDeploymentPostprocessing = 0;
		};
/* End PBXFrameworksBuildPhase section */

/* Begin PBXGroup section */
		2473C5672B76AB6E00A786BE /* Other */ = {
			isa = PBXGroup;
			children = (
				2473C5682B76AB8700A786BE /* RMCharacterDetailViewController.swift */,
			);
			path = Other;
			sourceTree = "<group>";
		};
		248048AD2B72BEB500896BC2 = {
			isa = PBXGroup;
			children = (
				248048B82B72BEB500896BC2 /* RickAndMorty */,
				248048B72B72BEB500896BC2 /* Products */,
			);
			sourceTree = "<group>";
		};
		248048B72B72BEB500896BC2 /* Products */ = {
			isa = PBXGroup;
			children = (
				248048B62B72BEB500896BC2 /* RickAndMorty.app */,
			);
			name = Products;
			sourceTree = "<group>";
		};
		248048B82B72BEB500896BC2 /* RickAndMorty */ = {
			isa = PBXGroup;
			children = (
				24DA0F1B2B72BF3600D5CE3C /* Resources */,
				24DA0F172B72BF1500D5CE3C /* Managers */,
				248048CD2B72BEC900896BC2 /* APIClient */,
				24DA0F1A2B72BF2C00D5CE3C /* ViewModels */,
				24DA0F192B72BF2400D5CE3C /* Views */,
				24DA0F182B72BF1D00D5CE3C /* Models */,
				24DA0F162B72BF0800D5CE3C /* Controllers */,
				248048C72B72BEB700896BC2 /* Info.plist */,
			);
			path = RickAndMorty;
			sourceTree = "<group>";
		};
		248048CD2B72BEC900896BC2 /* APIClient */ = {
			isa = PBXGroup;
			children = (
				24DA0F2F2B72D77C00D5CE3C /* RMService.swift */,
				24DA0F3F2B73C5BA00D5CE3C /* RMServiceError.swift */,
				24DA0F312B72D78400D5CE3C /* RMRequest.swift */,
				24DA0F332B72D82000D5CE3C /* RMEndpoint.swift */,
			);
			path = APIClient;
			sourceTree = "<group>";
		};
		24DA0F162B72BF0800D5CE3C /* Controllers */ = {
			isa = PBXGroup;
			children = (
				2473C5672B76AB6E00A786BE /* Other */,
				24DA0F1E2B72BF8800D5CE3C /* Core */,
			);
			path = Controllers;
			sourceTree = "<group>";
		};
		24DA0F172B72BF1500D5CE3C /* Managers */ = {
			isa = PBXGroup;
			children = (
			);
			path = Managers;
			sourceTree = "<group>";
		};
		24DA0F182B72BF1D00D5CE3C /* Models */ = {
			isa = PBXGroup;
			children = (
				24DA0F422B73C8FE00D5CE3C /* APIResponseTypes */,
				24DA0F412B73C8F000D5CE3C /* DataTypes */,
			);
			path = Models;
			sourceTree = "<group>";
		};
		24DA0F192B72BF2400D5CE3C /* Views */ = {
			isa = PBXGroup;
			children = (
				24DA0F472B73CC0700D5CE3C /* RMCharacterListView.swift */,
				2473C5632B76762800A786BE /* RMCharacterCollectionViewCell.swift */,
				2473C56A2B76AC0000A786BE /* RMCharacterDetailView.swift */,
				2473C5702B76B32F00A786BE /* RMFooterLoadingCollectionReusableView.swift */,
			);
			path = Views;
			sourceTree = "<group>";
		};
		24DA0F1A2B72BF2C00D5CE3C /* ViewModels */ = {
			isa = PBXGroup;
			children = (
				24DA0F452B73CBAD00D5CE3C /* RMCharacterListViewViewModel.swift */,
				2473C5652B76792600A786BE /* RMCharacterCollectionCellViewModel.swift */,
				2473C56C2B76AC2E00A786BE /* RMCharacterDetailViewViewModel.swift */,
			);
			path = ViewModels;
			sourceTree = "<group>";
		};
		24DA0F1B2B72BF3600D5CE3C /* Resources */ = {
			isa = PBXGroup;
			children = (
				248048B92B72BEB500896BC2 /* AppDelegate.swift */,
				248048BB2B72BEB500896BC2 /* SceneDelegate.swift */,
				248048C22B72BEB700896BC2 /* Assets.xcassets */,
				248048C42B72BEB700896BC2 /* LaunchScreen.storyboard */,
				24DA0F492B73D40C00D5CE3C /* Extensions.swift */,
			);
			path = Resources;
			sourceTree = "<group>";
		};
		24DA0F1E2B72BF8800D5CE3C /* Core */ = {
			isa = PBXGroup;
			children = (
				24DA0F222B72BF8800D5CE3C /* RMTabViewController.swift */,
				24DA0F202B72BF8800D5CE3C /* RMCharacterViewController.swift */,
				24DA0F232B72BF8800D5CE3C /* RMLocationViewController.swift */,
				24DA0F212B72BF8800D5CE3C /* RMEpisodeViewController.swift */,
				24DA0F1F2B72BF8800D5CE3C /* RMSettingsViewController.swift */,
			);
			path = Core;
			sourceTree = "<group>";
		};
		24DA0F412B73C8F000D5CE3C /* DataTypes */ = {
			isa = PBXGroup;
			children = (
				24DA0F292B72C02C00D5CE3C /* RMCharacter.swift */,
				24DA0F3D2B73AFF900D5CE3C /* RMCharacterGender.swift */,
				24DA0F3B2B73AFD900D5CE3C /* RMCharacterStatus.swift */,
				24DA0F352B73AE6000D5CE3C /* RMCharacterOrigin.swift */,
				24DA0F2A2B72C02C00D5CE3C /* RMLocation.swift */,
				24DA0F372B73AEB900D5CE3C /* RMSingleLocation.swift */,
				24DA0F2B2B72C02D00D5CE3C /* RMEpisode.swift */,
			);
			path = DataTypes;
			sourceTree = "<group>";
		};
		24DA0F422B73C8FE00D5CE3C /* APIResponseTypes */ = {
			isa = PBXGroup;
			children = (
				24DA0F432B73C91800D5CE3C /* RMGetAllCharactersResponse.swift */,
			);
			path = APIResponseTypes;
			sourceTree = "<group>";
		};
/* End PBXGroup section */

/* Begin PBXNativeTarget section */
		248048B52B72BEB500896BC2 /* RickAndMorty */ = {
			isa = PBXNativeTarget;
			buildConfigurationList = 248048CA2B72BEB700896BC2 /* Build configuration list for PBXNativeTarget "RickAndMorty" */;
			buildPhases = (
				248048B22B72BEB500896BC2 /* Sources */,
				248048B32B72BEB500896BC2 /* Frameworks */,
				248048B42B72BEB500896BC2 /* Resources */,
			);
			buildRules = (
			);
			dependencies = (
			);
			name = RickAndMorty;
			productName = RickAndMorty;
			productReference = 248048B62B72BEB500896BC2 /* RickAndMorty.app */;
			productType = "com.apple.product-type.application";
		};
/* End PBXNativeTarget section */

/* Begin PBXProject section */
		248048AE2B72BEB500896BC2 /* Project object */ = {
			isa = PBXProject;
			attributes = {
				BuildIndependentTargetsInParallel = 1;
				LastSwiftUpdateCheck = 1500;
				LastUpgradeCheck = 1500;
				TargetAttributes = {
					248048B52B72BEB500896BC2 = {
						CreatedOnToolsVersion = 15.0.1;
					};
				};
			};
			buildConfigurationList = 248048B12B72BEB500896BC2 /* Build configuration list for PBXProject "RickAndMorty" */;
			compatibilityVersion = "Xcode 14.0";
			developmentRegion = en;
			hasScannedForEncodings = 0;
			knownRegions = (
				en,
				Base,
			);
			mainGroup = 248048AD2B72BEB500896BC2;
			productRefGroup = 248048B72B72BEB500896BC2 /* Products */;
			projectDirPath = "";
			projectRoot = "";
			targets = (
				248048B52B72BEB500896BC2 /* RickAndMorty */,
			);
		};
/* End PBXProject section */

/* Begin PBXResourcesBuildPhase section */
		248048B42B72BEB500896BC2 /* Resources */ = {
			isa = PBXResourcesBuildPhase;
			buildActionMask = 2147483647;
			files = (
				248048C62B72BEB700896BC2 /* LaunchScreen.storyboard in Resources */,
				248048C32B72BEB700896BC2 /* Assets.xcassets in Resources */,
			);
			runOnlyForDeploymentPostprocessing = 0;
		};
/* End PBXResourcesBuildPhase section */

/* Begin PBXSourcesBuildPhase section */
		248048B22B72BEB500896BC2 /* Sources */ = {
			isa = PBXSourcesBuildPhase;
			buildActionMask = 2147483647;
			files = (
				24DA0F442B73C91800D5CE3C /* RMGetAllCharactersResponse.swift in Sources */,
				24DA0F362B73AE6000D5CE3C /* RMCharacterOrigin.swift in Sources */,
				24DA0F382B73AEB900D5CE3C /* RMSingleLocation.swift in Sources */,
				24DA0F3C2B73AFD900D5CE3C /* RMCharacterStatus.swift in Sources */,
				24DA0F3E2B73AFF900D5CE3C /* RMCharacterGender.swift in Sources */,
				24DA0F2C2B72C02D00D5CE3C /* RMCharacter.swift in Sources */,
				24DA0F282B72BF8800D5CE3C /* RMLocationViewController.swift in Sources */,
				2473C5662B76792600A786BE /* RMCharacterCollectionCellViewModel.swift in Sources */,
				24DA0F2E2B72C02D00D5CE3C /* RMEpisode.swift in Sources */,
				24DA0F252B72BF8800D5CE3C /* RMCharacterViewController.swift in Sources */,
				24DA0F4A2B73D40C00D5CE3C /* Extensions.swift in Sources */,
				2473C5692B76AB8700A786BE /* RMCharacterDetailViewController.swift in Sources */,
				24DA0F482B73CC0700D5CE3C /* RMCharacterListView.swift in Sources */,
				24DA0F272B72BF8800D5CE3C /* RMTabViewController.swift in Sources */,
				24DA0F2D2B72C02D00D5CE3C /* RMLocation.swift in Sources */,
				24DA0F242B72BF8800D5CE3C /* RMSettingsViewController.swift in Sources */,
				2473C56D2B76AC2E00A786BE /* RMCharacterDetailViewViewModel.swift in Sources */,
				24DA0F402B73C5BA00D5CE3C /* RMServiceError.swift in Sources */,
				24DA0F302B72D77C00D5CE3C /* RMService.swift in Sources */,
				2473C56B2B76AC0000A786BE /* RMCharacterDetailView.swift in Sources */,
				24DA0F262B72BF8800D5CE3C /* RMEpisodeViewController.swift in Sources */,
				24DA0F342B72D82000D5CE3C /* RMEndpoint.swift in Sources */,
				248048BA2B72BEB500896BC2 /* AppDelegate.swift in Sources */,
				2473C5642B76762800A786BE /* RMCharacterCollectionViewCell.swift in Sources */,
				2473C5712B76B32F00A786BE /* RMFooterLoadingCollectionReusableView.swift in Sources */,
				24DA0F322B72D78400D5CE3C /* RMRequest.swift in Sources */,
				24DA0F462B73CBAD00D5CE3C /* RMCharacterListViewViewModel.swift in Sources */,
				248048BC2B72BEB500896BC2 /* SceneDelegate.swift in Sources */,
			);
			runOnlyForDeploymentPostprocessing = 0;
		};
/* End PBXSourcesBuildPhase section */

/* Begin PBXVariantGroup section */
		248048C42B72BEB700896BC2 /* LaunchScreen.storyboard */ = {
			isa = PBXVariantGroup;
			children = (
				248048C52B72BEB700896BC2 /* Base */,
			);
			name = LaunchScreen.storyboard;
			sourceTree = "<group>";
		};
/* End PBXVariantGroup section */

/* Begin XCBuildConfiguration section */
		248048C82B72BEB700896BC2 /* Debug */ = {
			isa = XCBuildConfiguration;
			buildSettings = {
				ALWAYS_SEARCH_USER_PATHS = NO;
				ASSETCATALOG_COMPILER_GENERATE_SWIFT_ASSET_SYMBOL_EXTENSIONS = YES;
				CLANG_ANALYZER_NONNULL = YES;
				CLANG_ANALYZER_NUMBER_OBJECT_CONVERSION = YES_AGGRESSIVE;
				CLANG_CXX_LANGUAGE_STANDARD = "gnu++20";
				CLANG_ENABLE_MODULES = YES;
				CLANG_ENABLE_OBJC_ARC = YES;
				CLANG_ENABLE_OBJC_WEAK = YES;
				CLANG_WARN_BLOCK_CAPTURE_AUTORELEASING = YES;
				CLANG_WARN_BOOL_CONVERSION = YES;
				CLANG_WARN_COMMA = YES;
				CLANG_WARN_CONSTANT_CONVERSION = YES;
				CLANG_WARN_DEPRECATED_OBJC_IMPLEMENTATIONS = YES;
				CLANG_WARN_DIRECT_OBJC_ISA_USAGE = YES_ERROR;
				CLANG_WARN_DOCUMENTATION_COMMENTS = YES;
				CLANG_WARN_EMPTY_BODY = YES;
				CLANG_WARN_ENUM_CONVERSION = YES;
				CLANG_WARN_INFINITE_RECURSION = YES;
				CLANG_WARN_INT_CONVERSION = YES;
				CLANG_WARN_NON_LITERAL_NULL_CONVERSION = YES;
				CLANG_WARN_OBJC_IMPLICIT_RETAIN_SELF = YES;
				CLANG_WARN_OBJC_LITERAL_CONVERSION = YES;
				CLANG_WARN_OBJC_ROOT_CLASS = YES_ERROR;
				CLANG_WARN_QUOTED_INCLUDE_IN_FRAMEWORK_HEADER = YES;
				CLANG_WARN_RANGE_LOOP_ANALYSIS = YES;
				CLANG_WARN_STRICT_PROTOTYPES = YES;
				CLANG_WARN_SUSPICIOUS_MOVE = YES;
				CLANG_WARN_UNGUARDED_AVAILABILITY = YES_AGGRESSIVE;
				CLANG_WARN_UNREACHABLE_CODE = YES;
				CLANG_WARN__DUPLICATE_METHOD_MATCH = YES;
				COPY_PHASE_STRIP = NO;
				DEBUG_INFORMATION_FORMAT = dwarf;
				ENABLE_STRICT_OBJC_MSGSEND = YES;
				ENABLE_TESTABILITY = YES;
				ENABLE_USER_SCRIPT_SANDBOXING = YES;
				GCC_C_LANGUAGE_STANDARD = gnu17;
				GCC_DYNAMIC_NO_PIC = NO;
				GCC_NO_COMMON_BLOCKS = YES;
				GCC_OPTIMIZATION_LEVEL = 0;
				GCC_PREPROCESSOR_DEFINITIONS = (
					"DEBUG=1",
					"$(inherited)",
				);
				GCC_WARN_64_TO_32_BIT_CONVERSION = YES;
				GCC_WARN_ABOUT_RETURN_TYPE = YES_ERROR;
				GCC_WARN_UNDECLARED_SELECTOR = YES;
				GCC_WARN_UNINITIALIZED_AUTOS = YES_AGGRESSIVE;
				GCC_WARN_UNUSED_FUNCTION = YES;
				GCC_WARN_UNUSED_VARIABLE = YES;
				IPHONEOS_DEPLOYMENT_TARGET = 17.0;
				LOCALIZATION_PREFERS_STRING_CATALOGS = YES;
				MTL_ENABLE_DEBUG_INFO = INCLUDE_SOURCE;
				MTL_FAST_MATH = YES;
				ONLY_ACTIVE_ARCH = YES;
				SDKROOT = iphoneos;
				SWIFT_ACTIVE_COMPILATION_CONDITIONS = "DEBUG $(inherited)";
				SWIFT_OPTIMIZATION_LEVEL = "-Onone";
			};
			name = Debug;
		};
		248048C92B72BEB700896BC2 /* Release */ = {
			isa = XCBuildConfiguration;
			buildSettings = {
				ALWAYS_SEARCH_USER_PATHS = NO;
				ASSETCATALOG_COMPILER_GENERATE_SWIFT_ASSET_SYMBOL_EXTENSIONS = YES;
				CLANG_ANALYZER_NONNULL = YES;
				CLANG_ANALYZER_NUMBER_OBJECT_CONVERSION = YES_AGGRESSIVE;
				CLANG_CXX_LANGUAGE_STANDARD = "gnu++20";
				CLANG_ENABLE_MODULES = YES;
				CLANG_ENABLE_OBJC_ARC = YES;
				CLANG_ENABLE_OBJC_WEAK = YES;
				CLANG_WARN_BLOCK_CAPTURE_AUTORELEASING = YES;
				CLANG_WARN_BOOL_CONVERSION = YES;
				CLANG_WARN_COMMA = YES;
				CLANG_WARN_CONSTANT_CONVERSION = YES;
				CLANG_WARN_DEPRECATED_OBJC_IMPLEMENTATIONS = YES;
				CLANG_WARN_DIRECT_OBJC_ISA_USAGE = YES_ERROR;
				CLANG_WARN_DOCUMENTATION_COMMENTS = YES;
				CLANG_WARN_EMPTY_BODY = YES;
				CLANG_WARN_ENUM_CONVERSION = YES;
				CLANG_WARN_INFINITE_RECURSION = YES;
				CLANG_WARN_INT_CONVERSION = YES;
				CLANG_WARN_NON_LITERAL_NULL_CONVERSION = YES;
				CLANG_WARN_OBJC_IMPLICIT_RETAIN_SELF = YES;
				CLANG_WARN_OBJC_LITERAL_CONVERSION = YES;
				CLANG_WARN_OBJC_ROOT_CLASS = YES_ERROR;
				CLANG_WARN_QUOTED_INCLUDE_IN_FRAMEWORK_HEADER = YES;
				CLANG_WARN_RANGE_LOOP_ANALYSIS = YES;
				CLANG_WARN_STRICT_PROTOTYPES = YES;
				CLANG_WARN_SUSPICIOUS_MOVE = YES;
				CLANG_WARN_UNGUARDED_AVAILABILITY = YES_AGGRESSIVE;
				CLANG_WARN_UNREACHABLE_CODE = YES;
				CLANG_WARN__DUPLICATE_METHOD_MATCH = YES;
				COPY_PHASE_STRIP = NO;
				DEBUG_INFORMATION_FORMAT = "dwarf-with-dsym";
				ENABLE_NS_ASSERTIONS = NO;
				ENABLE_STRICT_OBJC_MSGSEND = YES;
				ENABLE_USER_SCRIPT_SANDBOXING = YES;
				GCC_C_LANGUAGE_STANDARD = gnu17;
				GCC_NO_COMMON_BLOCKS = YES;
				GCC_WARN_64_TO_32_BIT_CONVERSION = YES;
				GCC_WARN_ABOUT_RETURN_TYPE = YES_ERROR;
				GCC_WARN_UNDECLARED_SELECTOR = YES;
				GCC_WARN_UNINITIALIZED_AUTOS = YES_AGGRESSIVE;
				GCC_WARN_UNUSED_FUNCTION = YES;
				GCC_WARN_UNUSED_VARIABLE = YES;
				IPHONEOS_DEPLOYMENT_TARGET = 17.0;
				LOCALIZATION_PREFERS_STRING_CATALOGS = YES;
				MTL_ENABLE_DEBUG_INFO = NO;
				MTL_FAST_MATH = YES;
				SDKROOT = iphoneos;
				SWIFT_COMPILATION_MODE = wholemodule;
				VALIDATE_PRODUCT = YES;
			};
			name = Release;
		};
		248048CB2B72BEB700896BC2 /* Debug */ = {
			isa = XCBuildConfiguration;
			buildSettings = {
				ASSETCATALOG_COMPILER_APPICON_NAME = AppIcon;
				ASSETCATALOG_COMPILER_GLOBAL_ACCENT_COLOR_NAME = AccentColor;
				CODE_SIGN_STYLE = Automatic;
				CURRENT_PROJECT_VERSION = 1;
				DEVELOPMENT_TEAM = 929TMGF8CJ;
				GENERATE_INFOPLIST_FILE = YES;
				INFOPLIST_FILE = RickAndMorty/Info.plist;
				INFOPLIST_KEY_UIApplicationSupportsIndirectInputEvents = YES;
				INFOPLIST_KEY_UILaunchStoryboardName = LaunchScreen;
				INFOPLIST_KEY_UISupportedInterfaceOrientations_iPad = "UIInterfaceOrientationPortrait UIInterfaceOrientationPortraitUpsideDown UIInterfaceOrientationLandscapeLeft UIInterfaceOrientationLandscapeRight";
				INFOPLIST_KEY_UISupportedInterfaceOrientations_iPhone = "UIInterfaceOrientationPortrait UIInterfaceOrientationLandscapeLeft UIInterfaceOrientationLandscapeRight";
				IPHONEOS_DEPLOYMENT_TARGET = 16.2;
				LD_RUNPATH_SEARCH_PATHS = (
					"$(inherited)",
					"@executable_path/Frameworks",
				);
				MARKETING_VERSION = 1.0;
				PRODUCT_BUNDLE_IDENTIFIER = NikS147.RickAndMorty;
				PRODUCT_NAME = "$(TARGET_NAME)";
				SWIFT_EMIT_LOC_STRINGS = YES;
				SWIFT_VERSION = 5.0;
				TARGETED_DEVICE_FAMILY = "1,2";
			};
			name = Debug;
		};
		248048CC2B72BEB700896BC2 /* Release */ = {
			isa = XCBuildConfiguration;
			buildSettings = {
				ASSETCATALOG_COMPILER_APPICON_NAME = AppIcon;
				ASSETCATALOG_COMPILER_GLOBAL_ACCENT_COLOR_NAME = AccentColor;
				CODE_SIGN_STYLE = Automatic;
				CURRENT_PROJECT_VERSION = 1;
				DEVELOPMENT_TEAM = 929TMGF8CJ;
				GENERATE_INFOPLIST_FILE = YES;
				INFOPLIST_FILE = RickAndMorty/Info.plist;
				INFOPLIST_KEY_UIApplicationSupportsIndirectInputEvents = YES;
				INFOPLIST_KEY_UILaunchStoryboardName = LaunchScreen;
				INFOPLIST_KEY_UISupportedInterfaceOrientations_iPad = "UIInterfaceOrientationPortrait UIInterfaceOrientationPortraitUpsideDown UIInterfaceOrientationLandscapeLeft UIInterfaceOrientationLandscapeRight";
				INFOPLIST_KEY_UISupportedInterfaceOrientations_iPhone = "UIInterfaceOrientationPortrait UIInterfaceOrientationLandscapeLeft UIInterfaceOrientationLandscapeRight";
				IPHONEOS_DEPLOYMENT_TARGET = 16.2;
				LD_RUNPATH_SEARCH_PATHS = (
					"$(inherited)",
					"@executable_path/Frameworks",
				);
				MARKETING_VERSION = 1.0;
				PRODUCT_BUNDLE_IDENTIFIER = NikS147.RickAndMorty;
				PRODUCT_NAME = "$(TARGET_NAME)";
				SWIFT_EMIT_LOC_STRINGS = YES;
				SWIFT_VERSION = 5.0;
				TARGETED_DEVICE_FAMILY = "1,2";
			};
			name = Release;
		};
/* End XCBuildConfiguration section */

/* Begin XCConfigurationList section */
		248048B12B72BEB500896BC2 /* Build configuration list for PBXProject "RickAndMorty" */ = {
			isa = XCConfigurationList;
			buildConfigurations = (
				248048C82B72BEB700896BC2 /* Debug */,
				248048C92B72BEB700896BC2 /* Release */,
			);
			defaultConfigurationIsVisible = 0;
			defaultConfigurationName = Release;
		};
		248048CA2B72BEB700896BC2 /* Build configuration list for PBXNativeTarget "RickAndMorty" */ = {
			isa = XCConfigurationList;
			buildConfigurations = (
				248048CB2B72BEB700896BC2 /* Debug */,
				248048CC2B72BEB700896BC2 /* Release */,
			);
			defaultConfigurationIsVisible = 0;
			defaultConfigurationName = Release;
		};
/* End XCConfigurationList section */
	};
	rootObject = 248048AE2B72BEB500896BC2 /* Project object */;
}
